
Microsoft Visual Studio Solution File, Format Version 12.00
# Visual Studio Version 17
VisualStudioVersion = 17.13.35825.156 d17.13
MinimumVisualStudioVersion = 10.0.40219.1
Project("{FAE04EC0-301F-11D3-BF4B-00C04F79EFBC}") = "Riftshot Server", "Riftshot Server\Riftshot Server.csproj", "{4D850E3C-917C-4B7D-B1C6-F3C3AA15F3C6}"
EndProject
Global
	GlobalSection(SolutionConfigurationPlatforms) = preSolution
		Debug|Any CPU = Debug|Any CPU
		Release|Any CPU = Release|Any CPU
	EndGlobalSection
	GlobalSection(ProjectConfigurationPlatforms) = postSolution
		{4D850E3C-917C-4B7D-B1C6-F3C3AA15F3C6}.Debug|Any CPU.ActiveCfg = Debug|Any CPU
		{4D850E3C-917C-4B7D-B1C6-F3C3AA15F3C6}.Debug|Any CPU.Build.0 = Debug|Any CPU
		{4D850E3C-917C-4B7D-B1C6-F3C3AA15F3C6}.Release|Any CPU.ActiveCfg = Release|Any CPU
		{4D850E3C-917C-4B7D-B1C6-F3C3AA15F3C6}.Release|Any CPU.Build.0 = Release|Any CPU
	EndGlobalSection
	GlobalSection(SolutionProperties) = preSolution
		HideSolutionNode = FALSE
	EndGlobalSection
	GlobalSection(ExtensibilityGlobals) = postSolution
		SolutionGuid = {5138B3E3-9BE3-4CE0-B921-9B520CCE6A06}
	EndGlobalSection
EndGlobal
